# generated by rye
# use `rye lock` or `rye sync` to update this lockfile
#
# last locked with the following flags:
#   pre: false
#   features: []
#   all-features: false
#   with-sources: false
#   generate-hashes: false
#   universal: false

-e file:.
anki==24.6.3
    # via aqt
aqt==24.6.3
    # via typst-anki
attrs==23.2.0
    # via jsonschema
    # via referencing
beautifulsoup4==4.12.3
    # via anki
    # via aqt
blinker==1.8.2
    # via flask
certifi==2024.7.4
    # via requests
charset-normalizer==3.3.2
    # via requests
click==8.1.7
    # via flask
decorator==5.1.1
    # via anki
distro==1.9.0
    # via anki
flask==3.0.3
    # via aqt
    # via flask-cors
flask-cors==4.0.1
    # via aqt
idna==3.7
    # via requests
itsdangerous==2.2.0
    # via flask
jinja2==3.1.4
    # via flask
jsonschema==4.23.0
    # via aqt
jsonschema-specifications==2023.12.1
    # via jsonschema
markdown==3.6
    # via anki
markupsafe==2.1.5
    # via jinja2
    # via werkzeug
orjson==3.10.6
    # via anki
pip-system-certs==4.0
    # via aqt
protobuf==5.27.2
    # via anki
pypandoc==1.13
    # via typst-anki
pysocks==1.7.1
    # via requests
referencing==0.35.1
    # via jsonschema
    # via jsonschema-specifications
requests==2.32.3
    # via anki
    # via aqt
rpds-py==0.19.0
    # via jsonschema
    # via referencing
send2trash==1.8.3
    # via aqt
soupsieve==2.5
    # via beautifulsoup4
typst==0.11.1
    # via typst-anki
urllib3==2.2.2
    # via requests
waitress==3.0.0
    # via aqt
werkzeug==3.0.3
    # via flask
wrapt==1.16.0
    # via pip-system-certs
